
Microsoft Visual Studio Solution File, Format Version 12.00
# Visual Studio Version 17
VisualStudioVersion = 17.11.35312.102
MinimumVisualStudioVersion = 10.0.40219.1
Project("{9A19103F-16F7-4668-BE54-9A1E7A4F7556}") = "Exercicio_01", "Desafio01_FundamentosC#\Exercicio_01.csproj", "{61596092-14C4-4F94-9346-0409E5C3D03A}"
EndProject
Project("{FAE04EC0-301F-11D3-BF4B-00C04F79EFBC}") = "Exercicio_02", "Exercicio_02\Exercicio_02.csproj", "{D51315BF-3233-4739-95D4-010B7FA0F101}"
EndProject
Project("{FAE04EC0-301F-11D3-BF4B-00C04F79EFBC}") = "Exercicio_03", "Exercicio_03\Exercicio_03.csproj", "{8D6DEF2F-FB99-4EBB-ACB5-39AFA38A296F}"
EndProject
Project("{FAE04EC0-301F-11D3-BF4B-00C04F79EFBC}") = "Exercicio_04", "Exercicio_04\Exercicio_04.csproj", "{938CDF28-7F99-486A-BF63-81FB726F087D}"
EndProject
Project("{FAE04EC0-301F-11D3-BF4B-00C04F79EFBC}") = "Exercicio_05", "Exercicio_05\Exercicio_05.csproj", "{58B9535C-A473-413F-98F1-74148FB32007}"
EndProject
Project("{FAE04EC0-301F-11D3-BF4B-00C04F79EFBC}") = "Exercicio_06", "Exercicio_06\Exercicio_06.csproj", "{4BE327AF-483B-4BC0-B7CA-99FC44DAE2B8}"
EndProject
Global
	GlobalSection(SolutionConfigurationPlatforms) = preSolution
		Debug|Any CPU = Debug|Any CPU
		Release|Any CPU = Release|Any CPU
	EndGlobalSection
	GlobalSection(ProjectConfigurationPlatforms) = postSolution
		{61596092-14C4-4F94-9346-0409E5C3D03A}.Debug|Any CPU.ActiveCfg = Debug|Any CPU
		{61596092-14C4-4F94-9346-0409E5C3D03A}.Debug|Any CPU.Build.0 = Debug|Any CPU
		{61596092-14C4-4F94-9346-0409E5C3D03A}.Release|Any CPU.ActiveCfg = Release|Any CPU
		{61596092-14C4-4F94-9346-0409E5C3D03A}.Release|Any CPU.Build.0 = Release|Any CPU
		{D51315BF-3233-4739-95D4-010B7FA0F101}.Debug|Any CPU.ActiveCfg = Debug|Any CPU
		{D51315BF-3233-4739-95D4-010B7FA0F101}.Debug|Any CPU.Build.0 = Debug|Any CPU
		{D51315BF-3233-4739-95D4-010B7FA0F101}.Release|Any CPU.ActiveCfg = Release|Any CPU
		{D51315BF-3233-4739-95D4-010B7FA0F101}.Release|Any CPU.Build.0 = Release|Any CPU
		{8D6DEF2F-FB99-4EBB-ACB5-39AFA38A296F}.Debug|Any CPU.ActiveCfg = Debug|Any CPU
		{8D6DEF2F-FB99-4EBB-ACB5-39AFA38A296F}.Debug|Any CPU.Build.0 = Debug|Any CPU
		{8D6DEF2F-FB99-4EBB-ACB5-39AFA38A296F}.Release|Any CPU.ActiveCfg = Release|Any CPU
		{8D6DEF2F-FB99-4EBB-ACB5-39AFA38A296F}.Release|Any CPU.Build.0 = Release|Any CPU
		{938CDF28-7F99-486A-BF63-81FB726F087D}.Debug|Any CPU.ActiveCfg = Debug|Any CPU
		{938CDF28-7F99-486A-BF63-81FB726F087D}.Debug|Any CPU.Build.0 = Debug|Any CPU
		{938CDF28-7F99-486A-BF63-81FB726F087D}.Release|Any CPU.ActiveCfg = Release|Any CPU
		{938CDF28-7F99-486A-BF63-81FB726F087D}.Release|Any CPU.Build.0 = Release|Any CPU
		{58B9535C-A473-413F-98F1-74148FB32007}.Debug|Any CPU.ActiveCfg = Debug|Any CPU
		{58B9535C-A473-413F-98F1-74148FB32007}.Debug|Any CPU.Build.0 = Debug|Any CPU
		{58B9535C-A473-413F-98F1-74148FB32007}.Release|Any CPU.ActiveCfg = Release|Any CPU
		{58B9535C-A473-413F-98F1-74148FB32007}.Release|Any CPU.Build.0 = Release|Any CPU
		{4BE327AF-483B-4BC0-B7CA-99FC44DAE2B8}.Debug|Any CPU.ActiveCfg = Debug|Any CPU
		{4BE327AF-483B-4BC0-B7CA-99FC44DAE2B8}.Debug|Any CPU.Build.0 = Debug|Any CPU
		{4BE327AF-483B-4BC0-B7CA-99FC44DAE2B8}.Release|Any CPU.ActiveCfg = Release|Any CPU
		{4BE327AF-483B-4BC0-B7CA-99FC44DAE2B8}.Release|Any CPU.Build.0 = Release|Any CPU
	EndGlobalSection
	GlobalSection(SolutionProperties) = preSolution
		HideSolutionNode = FALSE
	EndGlobalSection
	GlobalSection(ExtensibilityGlobals) = postSolution
		SolutionGuid = {2E80A65F-0036-4AA8-A33D-CA3A6EC2C243}
	EndGlobalSection
EndGlobal
